
Microsoft Visual Studio Solution File, Format Version 12.00
# Visual Studio 14
VisualStudioVersion = 14.0.24720.0
MinimumVisualStudioVersion = 10.0.40219.1
Project("{FAE04EC0-301F-11D3-BF4B-00C04F79EFBC}") = "BasicRegex", "BasicRegex\BasicRegex.csproj", "{4DA5F7A7-5E20-492B-A5F6-D3620F3CB19A}"
EndProject
Project("{FAE04EC0-301F-11D3-BF4B-00C04F79EFBC}") = "VowelCount", "VowelCount\VowelCount.csproj", "{FDED07DC-EFEB-465B-A033-E0399B8131AE}"
EndProject
Project("{FAE04EC0-301F-11D3-BF4B-00C04F79EFBC}") = "Non-DigitCount", "Non-DigitCount\Non-DigitCount.csproj", "{D1CFCEA3-AADD-44D3-820F-D4D44D9338BD}"
EndProject
Project("{FAE04EC0-301F-11D3-BF4B-00C04F79EFBC}") = "ExtractIntegerNumbers", "ExtractIntegerNumbers\ExtractIntegerNumbers.csproj", "{E393201B-FFFB-4C43-9ABB-389550D769D3}"
EndProject
Project("{FAE04EC0-301F-11D3-BF4B-00C04F79EFBC}") = "ExtractTags", "ExtractTags\ExtractTags.csproj", "{CA857680-B726-43C1-B920-F0A29C0B7BF7}"
EndProject
Project("{FAE04EC0-301F-11D3-BF4B-00C04F79EFBC}") = "ValidUsernames", "ValidUsernames\ValidUsernames.csproj", "{531E7873-B1E7-42AE-8BE7-15E768EBC687}"
EndProject
Global
	GlobalSection(SolutionConfigurationPlatforms) = preSolution
		Debug|Any CPU = Debug|Any CPU
		Release|Any CPU = Release|Any CPU
	EndGlobalSection
	GlobalSection(ProjectConfigurationPlatforms) = postSolution
		{4DA5F7A7-5E20-492B-A5F6-D3620F3CB19A}.Debug|Any CPU.ActiveCfg = Debug|Any CPU
		{4DA5F7A7-5E20-492B-A5F6-D3620F3CB19A}.Debug|Any CPU.Build.0 = Debug|Any CPU
		{4DA5F7A7-5E20-492B-A5F6-D3620F3CB19A}.Release|Any CPU.ActiveCfg = Release|Any CPU
		{4DA5F7A7-5E20-492B-A5F6-D3620F3CB19A}.Release|Any CPU.Build.0 = Release|Any CPU
		{FDED07DC-EFEB-465B-A033-E0399B8131AE}.Debug|Any CPU.ActiveCfg = Debug|Any CPU
		{FDED07DC-EFEB-465B-A033-E0399B8131AE}.Debug|Any CPU.Build.0 = Debug|Any CPU
		{FDED07DC-EFEB-465B-A033-E0399B8131AE}.Release|Any CPU.ActiveCfg = Release|Any CPU
		{FDED07DC-EFEB-465B-A033-E0399B8131AE}.Release|Any CPU.Build.0 = Release|Any CPU
		{D1CFCEA3-AADD-44D3-820F-D4D44D9338BD}.Debug|Any CPU.ActiveCfg = Debug|Any CPU
		{D1CFCEA3-AADD-44D3-820F-D4D44D9338BD}.Debug|Any CPU.Build.0 = Debug|Any CPU
		{D1CFCEA3-AADD-44D3-820F-D4D44D9338BD}.Release|Any CPU.ActiveCfg = Release|Any CPU
		{D1CFCEA3-AADD-44D3-820F-D4D44D9338BD}.Release|Any CPU.Build.0 = Release|Any CPU
		{E393201B-FFFB-4C43-9ABB-389550D769D3}.Debug|Any CPU.ActiveCfg = Debug|Any CPU
		{E393201B-FFFB-4C43-9ABB-389550D769D3}.Debug|Any CPU.Build.0 = Debug|Any CPU
		{E393201B-FFFB-4C43-9ABB-389550D769D3}.Release|Any CPU.ActiveCfg = Release|Any CPU
		{E393201B-FFFB-4C43-9ABB-389550D769D3}.Release|Any CPU.Build.0 = Release|Any CPU
		{CA857680-B726-43C1-B920-F0A29C0B7BF7}.Debug|Any CPU.ActiveCfg = Debug|Any CPU
		{CA857680-B726-43C1-B920-F0A29C0B7BF7}.Debug|Any CPU.Build.0 = Debug|Any CPU
		{CA857680-B726-43C1-B920-F0A29C0B7BF7}.Release|Any CPU.ActiveCfg = Release|Any CPU
		{CA857680-B726-43C1-B920-F0A29C0B7BF7}.Release|Any CPU.Build.0 = Release|Any CPU
		{531E7873-B1E7-42AE-8BE7-15E768EBC687}.Debug|Any CPU.ActiveCfg = Debug|Any CPU
		{531E7873-B1E7-42AE-8BE7-15E768EBC687}.Debug|Any CPU.Build.0 = Debug|Any CPU
		{531E7873-B1E7-42AE-8BE7-15E768EBC687}.Release|Any CPU.ActiveCfg = Release|Any CPU
		{531E7873-B1E7-42AE-8BE7-15E768EBC687}.Release|Any CPU.Build.0 = Release|Any CPU
	EndGlobalSection
	GlobalSection(SolutionProperties) = preSolution
		HideSolutionNode = FALSE
	EndGlobalSection
EndGlobal
