
Microsoft Visual Studio Solution File, Format Version 12.00
# Visual Studio 14
VisualStudioVersion = 14.0.24720.0
MinimumVisualStudioVersion = 10.0.40219.1
Project("{FAE04EC0-301F-11D3-BF4B-00C04F79EFBC}") = "ParkingLot", "ConsoleApplication1\ParkingLot.csproj", "{7BD2B994-D670-4380-A8BE-5312DDF4A68F}"
EndProject
Project("{FAE04EC0-301F-11D3-BF4B-00C04F79EFBC}") = "SoftUniParty", "SoftUniParty\SoftUniParty.csproj", "{BA0075BC-4C34-43FE-A4FC-8B2509152DF1}"
EndProject
Project("{FAE04EC0-301F-11D3-BF4B-00C04F79EFBC}") = "CountSameValuesInArray", "CountSameValuesInArray\CountSameValuesInArray.csproj", "{2BD2472D-AC3E-4F09-9FBC-45E0A3C832F1}"
EndProject
Project("{FAE04EC0-301F-11D3-BF4B-00C04F79EFBC}") = "AcademyGraduation", "AcademyGraduation\AcademyGraduation.csproj", "{328B6608-9A6A-4AB6-93A2-86B949DFF6D4}"
EndProject
Global
	GlobalSection(SolutionConfigurationPlatforms) = preSolution
		Debug|Any CPU = Debug|Any CPU
		Release|Any CPU = Release|Any CPU
	EndGlobalSection
	GlobalSection(ProjectConfigurationPlatforms) = postSolution
		{7BD2B994-D670-4380-A8BE-5312DDF4A68F}.Debug|Any CPU.ActiveCfg = Debug|Any CPU
		{7BD2B994-D670-4380-A8BE-5312DDF4A68F}.Debug|Any CPU.Build.0 = Debug|Any CPU
		{7BD2B994-D670-4380-A8BE-5312DDF4A68F}.Release|Any CPU.ActiveCfg = Release|Any CPU
		{7BD2B994-D670-4380-A8BE-5312DDF4A68F}.Release|Any CPU.Build.0 = Release|Any CPU
		{BA0075BC-4C34-43FE-A4FC-8B2509152DF1}.Debug|Any CPU.ActiveCfg = Debug|Any CPU
		{BA0075BC-4C34-43FE-A4FC-8B2509152DF1}.Debug|Any CPU.Build.0 = Debug|Any CPU
		{BA0075BC-4C34-43FE-A4FC-8B2509152DF1}.Release|Any CPU.ActiveCfg = Release|Any CPU
		{BA0075BC-4C34-43FE-A4FC-8B2509152DF1}.Release|Any CPU.Build.0 = Release|Any CPU
		{2BD2472D-AC3E-4F09-9FBC-45E0A3C832F1}.Debug|Any CPU.ActiveCfg = Debug|Any CPU
		{2BD2472D-AC3E-4F09-9FBC-45E0A3C832F1}.Debug|Any CPU.Build.0 = Debug|Any CPU
		{2BD2472D-AC3E-4F09-9FBC-45E0A3C832F1}.Release|Any CPU.ActiveCfg = Release|Any CPU
		{2BD2472D-AC3E-4F09-9FBC-45E0A3C832F1}.Release|Any CPU.Build.0 = Release|Any CPU
		{328B6608-9A6A-4AB6-93A2-86B949DFF6D4}.Debug|Any CPU.ActiveCfg = Debug|Any CPU
		{328B6608-9A6A-4AB6-93A2-86B949DFF6D4}.Debug|Any CPU.Build.0 = Debug|Any CPU
		{328B6608-9A6A-4AB6-93A2-86B949DFF6D4}.Release|Any CPU.ActiveCfg = Release|Any CPU
		{328B6608-9A6A-4AB6-93A2-86B949DFF6D4}.Release|Any CPU.Build.0 = Release|Any CPU
	EndGlobalSection
	GlobalSection(SolutionProperties) = preSolution
		HideSolutionNode = FALSE
	EndGlobalSection
EndGlobal
