
Microsoft Visual Studio Solution File, Format Version 12.00
# Visual Studio 14
VisualStudioVersion = 14.0.24720.0
MinimumVisualStudioVersion = 10.0.40219.1
Project("{FAE04EC0-301F-11D3-BF4B-00C04F79EFBC}") = "SumMatricesElements", "SumMatricesElements\SumMatricesElements.csproj", "{DBFF659F-ADBB-4DAF-8616-1B50D24ABC33}"
EndProject
Project("{FAE04EC0-301F-11D3-BF4B-00C04F79EFBC}") = "MaximumSumOf2X2Matrix", "MaximumSumOf2X2Matrix\MaximumSumOf2X2Matrix.csproj", "{7D5F5F6C-3E4B-4FE8-877E-95B731B5AC9B}"
EndProject
Project("{FAE04EC0-301F-11D3-BF4B-00C04F79EFBC}") = "GroundNumbers", "GroundNumbers\GroundNumbers.csproj", "{68CDBB38-3C01-421A-A0C8-F0F2897F6B1F}"
EndProject
Global
	GlobalSection(SolutionConfigurationPlatforms) = preSolution
		Debug|Any CPU = Debug|Any CPU
		Release|Any CPU = Release|Any CPU
	EndGlobalSection
	GlobalSection(ProjectConfigurationPlatforms) = postSolution
		{DBFF659F-ADBB-4DAF-8616-1B50D24ABC33}.Debug|Any CPU.ActiveCfg = Debug|Any CPU
		{DBFF659F-ADBB-4DAF-8616-1B50D24ABC33}.Debug|Any CPU.Build.0 = Debug|Any CPU
		{DBFF659F-ADBB-4DAF-8616-1B50D24ABC33}.Release|Any CPU.ActiveCfg = Release|Any CPU
		{DBFF659F-ADBB-4DAF-8616-1B50D24ABC33}.Release|Any CPU.Build.0 = Release|Any CPU
		{7D5F5F6C-3E4B-4FE8-877E-95B731B5AC9B}.Debug|Any CPU.ActiveCfg = Debug|Any CPU
		{7D5F5F6C-3E4B-4FE8-877E-95B731B5AC9B}.Debug|Any CPU.Build.0 = Debug|Any CPU
		{7D5F5F6C-3E4B-4FE8-877E-95B731B5AC9B}.Release|Any CPU.ActiveCfg = Release|Any CPU
		{7D5F5F6C-3E4B-4FE8-877E-95B731B5AC9B}.Release|Any CPU.Build.0 = Release|Any CPU
		{68CDBB38-3C01-421A-A0C8-F0F2897F6B1F}.Debug|Any CPU.ActiveCfg = Debug|Any CPU
		{68CDBB38-3C01-421A-A0C8-F0F2897F6B1F}.Debug|Any CPU.Build.0 = Debug|Any CPU
		{68CDBB38-3C01-421A-A0C8-F0F2897F6B1F}.Release|Any CPU.ActiveCfg = Release|Any CPU
		{68CDBB38-3C01-421A-A0C8-F0F2897F6B1F}.Release|Any CPU.Build.0 = Release|Any CPU
	EndGlobalSection
	GlobalSection(SolutionProperties) = preSolution
		HideSolutionNode = FALSE
	EndGlobalSection
EndGlobal
